
Microsoft Visual Studio Solution File, Format Version 12.00
# Visual Studio Version 16
VisualStudioVersion = 16.0.29215.179
MinimumVisualStudioVersion = 10.0.40219.1
Project("{FAE04EC0-301F-11D3-BF4B-00C04F79EFBC}") = "Calculadora", "Calculadora.csproj", "{63FA292D-546A-40C0-80AE-FC3C2AEEF14E}"
EndProject
Global
	GlobalSection(SolutionConfigurationPlatforms) = preSolution
		Debug|Any CPU = Debug|Any CPU
		Release|Any CPU = Release|Any CPU
	EndGlobalSection
	GlobalSection(ProjectConfigurationPlatforms) = postSolution
		{63FA292D-546A-40C0-80AE-FC3C2AEEF14E}.Debug|Any CPU.ActiveCfg = Debug|Any CPU
		{63FA292D-546A-40C0-80AE-FC3C2AEEF14E}.Debug|Any CPU.Build.0 = Debug|Any CPU
		{63FA292D-546A-40C0-80AE-FC3C2AEEF14E}.Release|Any CPU.ActiveCfg = Release|Any CPU
		{63FA292D-546A-40C0-80AE-FC3C2AEEF14E}.Release|Any CPU.Build.0 = Release|Any CPU
	EndGlobalSection
	GlobalSection(SolutionProperties) = preSolution
		HideSolutionNode = FALSE
	EndGlobalSection
	GlobalSection(ExtensibilityGlobals) = postSolution
		SolutionGuid = {89993C42-DD67-411A-8B7D-AC1C2CDA897B}
	EndGlobalSection
EndGlobal
